
Microsoft Visual Studio Solution File, Format Version 12.00
# Visual Studio Version 16
VisualStudioVersion = 16.0.32228.343
MinimumVisualStudioVersion = 10.0.40219.1
Project("{FAE04EC0-301F-11D3-BF4B-00C04F79EFBC}") = "LibraryProject", "LibraryProject\LibraryProject.csproj", "{636B1190-2361-4541-AE1B-8549E9EDF696}"
	ProjectSection(ProjectDependencies) = postProject
		{ED7BD8F7-B7C7-4524-9397-97E498F27F88} = {ED7BD8F7-B7C7-4524-9397-97E498F27F88}
	EndProjectSection
EndProject
Project("{FAE04EC0-301F-11D3-BF4B-00C04F79EFBC}") = "DBoperationsService", "DBoperationsService\DBoperationsService.csproj", "{ED7BD8F7-B7C7-4524-9397-97E498F27F88}"
EndProject
Project("{FAE04EC0-301F-11D3-BF4B-00C04F79EFBC}") = "DBoperationsServiceHost", "DBoperationsServiceHost\DBoperationsServiceHost.csproj", "{260A3ED7-CB4F-4086-92AE-A10CD0AB88A3}"
EndProject
Project("{FAE04EC0-301F-11D3-BF4B-00C04F79EFBC}") = "DBFilteringService", "DBFilteringService\DBFilteringService.csproj", "{C24CD01E-C60A-4750-8E31-B63479A0D186}"
EndProject
Project("{FAE04EC0-301F-11D3-BF4B-00C04F79EFBC}") = "DBFilteringServiceHost", "DBFilteringServiceHost\DBFilteringServiceHost.csproj", "{3E7EA975-0655-4478-BB26-44C7AC4761E3}"
EndProject
Global
	GlobalSection(SolutionConfigurationPlatforms) = preSolution
		Debug|Any CPU = Debug|Any CPU
		Release|Any CPU = Release|Any CPU
	EndGlobalSection
	GlobalSection(ProjectConfigurationPlatforms) = postSolution
		{636B1190-2361-4541-AE1B-8549E9EDF696}.Debug|Any CPU.ActiveCfg = Debug|Any CPU
		{636B1190-2361-4541-AE1B-8549E9EDF696}.Debug|Any CPU.Build.0 = Debug|Any CPU
		{636B1190-2361-4541-AE1B-8549E9EDF696}.Release|Any CPU.ActiveCfg = Release|Any CPU
		{636B1190-2361-4541-AE1B-8549E9EDF696}.Release|Any CPU.Build.0 = Release|Any CPU
		{ED7BD8F7-B7C7-4524-9397-97E498F27F88}.Debug|Any CPU.ActiveCfg = Debug|Any CPU
		{ED7BD8F7-B7C7-4524-9397-97E498F27F88}.Debug|Any CPU.Build.0 = Debug|Any CPU
		{ED7BD8F7-B7C7-4524-9397-97E498F27F88}.Release|Any CPU.ActiveCfg = Release|Any CPU
		{ED7BD8F7-B7C7-4524-9397-97E498F27F88}.Release|Any CPU.Build.0 = Release|Any CPU
		{260A3ED7-CB4F-4086-92AE-A10CD0AB88A3}.Debug|Any CPU.ActiveCfg = Debug|Any CPU
		{260A3ED7-CB4F-4086-92AE-A10CD0AB88A3}.Debug|Any CPU.Build.0 = Debug|Any CPU
		{260A3ED7-CB4F-4086-92AE-A10CD0AB88A3}.Release|Any CPU.ActiveCfg = Release|Any CPU
		{260A3ED7-CB4F-4086-92AE-A10CD0AB88A3}.Release|Any CPU.Build.0 = Release|Any CPU
		{C24CD01E-C60A-4750-8E31-B63479A0D186}.Debug|Any CPU.ActiveCfg = Debug|Any CPU
		{C24CD01E-C60A-4750-8E31-B63479A0D186}.Debug|Any CPU.Build.0 = Debug|Any CPU
		{C24CD01E-C60A-4750-8E31-B63479A0D186}.Release|Any CPU.ActiveCfg = Release|Any CPU
		{C24CD01E-C60A-4750-8E31-B63479A0D186}.Release|Any CPU.Build.0 = Release|Any CPU
		{3E7EA975-0655-4478-BB26-44C7AC4761E3}.Debug|Any CPU.ActiveCfg = Debug|Any CPU
		{3E7EA975-0655-4478-BB26-44C7AC4761E3}.Debug|Any CPU.Build.0 = Debug|Any CPU
		{3E7EA975-0655-4478-BB26-44C7AC4761E3}.Release|Any CPU.ActiveCfg = Release|Any CPU
		{3E7EA975-0655-4478-BB26-44C7AC4761E3}.Release|Any CPU.Build.0 = Release|Any CPU
	EndGlobalSection
	GlobalSection(SolutionProperties) = preSolution
		HideSolutionNode = FALSE
	EndGlobalSection
	GlobalSection(ExtensibilityGlobals) = postSolution
		SolutionGuid = {7B58195E-62C6-4566-ADF2-8CB8BD506B82}
	EndGlobalSection
EndGlobal
