
Microsoft Visual Studio Solution File, Format Version 12.00
# Visual Studio Version 16
VisualStudioVersion = 16.0.32228.343
MinimumVisualStudioVersion = 10.0.40219.1
Project("{FAE04EC0-301F-11D3-BF4B-00C04F79EFBC}") = "memory_game", "memory_game\memory_game.csproj", "{DFA33654-C2A0-4460-A41A-3BD1FFCFCBE0}"
EndProject
Global
	GlobalSection(SolutionConfigurationPlatforms) = preSolution
		Debug|Any CPU = Debug|Any CPU
		Release|Any CPU = Release|Any CPU
	EndGlobalSection
	GlobalSection(ProjectConfigurationPlatforms) = postSolution
		{DFA33654-C2A0-4460-A41A-3BD1FFCFCBE0}.Debug|Any CPU.ActiveCfg = Debug|Any CPU
		{DFA33654-C2A0-4460-A41A-3BD1FFCFCBE0}.Debug|Any CPU.Build.0 = Debug|Any CPU
		{DFA33654-C2A0-4460-A41A-3BD1FFCFCBE0}.Release|Any CPU.ActiveCfg = Release|Any CPU
		{DFA33654-C2A0-4460-A41A-3BD1FFCFCBE0}.Release|Any CPU.Build.0 = Release|Any CPU
	EndGlobalSection
	GlobalSection(SolutionProperties) = preSolution
		HideSolutionNode = FALSE
	EndGlobalSection
	GlobalSection(ExtensibilityGlobals) = postSolution
		SolutionGuid = {C3CEECA3-8D56-45F3-B91A-B27614B51E49}
	EndGlobalSection
EndGlobal
