
Microsoft Visual Studio Solution File, Format Version 12.00
# Visual Studio Version 16
VisualStudioVersion = 16.0.32228.343
MinimumVisualStudioVersion = 10.0.40219.1
Project("{FAE04EC0-301F-11D3-BF4B-00C04F79EFBC}") = "PasswordVerificator", "PasswordVerificator\PasswordVerificator.csproj", "{250D8310-9283-42A9-AD8A-B665C11C5C67}"
EndProject
Project("{FAE04EC0-301F-11D3-BF4B-00C04F79EFBC}") = "FormTest", "FormTest\FormTest.csproj", "{E16811C6-45BE-4F4E-8594-857CB68BEB1A}"
EndProject
Global
	GlobalSection(SolutionConfigurationPlatforms) = preSolution
		Debug|Any CPU = Debug|Any CPU
		Release|Any CPU = Release|Any CPU
	EndGlobalSection
	GlobalSection(ProjectConfigurationPlatforms) = postSolution
		{250D8310-9283-42A9-AD8A-B665C11C5C67}.Debug|Any CPU.ActiveCfg = Debug|Any CPU
		{250D8310-9283-42A9-AD8A-B665C11C5C67}.Debug|Any CPU.Build.0 = Debug|Any CPU
		{250D8310-9283-42A9-AD8A-B665C11C5C67}.Release|Any CPU.ActiveCfg = Release|Any CPU
		{250D8310-9283-42A9-AD8A-B665C11C5C67}.Release|Any CPU.Build.0 = Release|Any CPU
		{E16811C6-45BE-4F4E-8594-857CB68BEB1A}.Debug|Any CPU.ActiveCfg = Debug|Any CPU
		{E16811C6-45BE-4F4E-8594-857CB68BEB1A}.Debug|Any CPU.Build.0 = Debug|Any CPU
		{E16811C6-45BE-4F4E-8594-857CB68BEB1A}.Release|Any CPU.ActiveCfg = Release|Any CPU
		{E16811C6-45BE-4F4E-8594-857CB68BEB1A}.Release|Any CPU.Build.0 = Release|Any CPU
	EndGlobalSection
	GlobalSection(SolutionProperties) = preSolution
		HideSolutionNode = FALSE
	EndGlobalSection
	GlobalSection(ExtensibilityGlobals) = postSolution
		SolutionGuid = {D94F2E3F-3E51-4C2E-8927-DB6743FEB05E}
	EndGlobalSection
EndGlobal
